
Microsoft Visual Studio Solution File, Format Version 12.00
# Visual Studio Version 16
VisualStudioVersion = 16.0.32901.82
MinimumVisualStudioVersion = 10.0.40219.1
Project("{8BC9CEB8-8B4A-11D0-8D11-00A0C91BC942}") = "Test_11.21", "Test_11.21\Test_11.21.vcxproj", "{29A92569-D53C-40E7-BAEF-6D31558C2776}"
EndProject
Global
	GlobalSection(SolutionConfigurationPlatforms) = preSolution
		Debug|x64 = Debug|x64
		Debug|x86 = Debug|x86
		Release|x64 = Release|x64
		Release|x86 = Release|x86
	EndGlobalSection
	GlobalSection(ProjectConfigurationPlatforms) = postSolution
		{29A92569-D53C-40E7-BAEF-6D31558C2776}.Debug|x64.ActiveCfg = Debug|x64
		{29A92569-D53C-40E7-BAEF-6D31558C2776}.Debug|x64.Build.0 = Debug|x64
		{29A92569-D53C-40E7-BAEF-6D31558C2776}.Debug|x86.ActiveCfg = Debug|Win32
		{29A92569-D53C-40E7-BAEF-6D31558C2776}.Debug|x86.Build.0 = Debug|Win32
		{29A92569-D53C-40E7-BAEF-6D31558C2776}.Release|x64.ActiveCfg = Release|x64
		{29A92569-D53C-40E7-BAEF-6D31558C2776}.Release|x64.Build.0 = Release|x64
		{29A92569-D53C-40E7-BAEF-6D31558C2776}.Release|x86.ActiveCfg = Release|Win32
		{29A92569-D53C-40E7-BAEF-6D31558C2776}.Release|x86.Build.0 = Release|Win32
	EndGlobalSection
	GlobalSection(SolutionProperties) = preSolution
		HideSolutionNode = FALSE
	EndGlobalSection
	GlobalSection(ExtensibilityGlobals) = postSolution
		SolutionGuid = {07F6F7E9-813F-41AF-9E6F-E06791539787}
	EndGlobalSection
EndGlobal
